
Microsoft Visual Studio Solution File, Format Version 12.00
# Visual Studio Version 17
VisualStudioVersion = 17.13.35825.156
MinimumVisualStudioVersion = 10.0.40219.1
Project("{8BC9CEB8-8B4A-11D0-8D11-00A0C91BC942}") = "Study", "Study\Study.vcxproj", "{E16DD1FD-33DA-4AC2-B1B2-CC75D74D62AA}"
EndProject
Project("{8BC9CEB8-8B4A-11D0-8D11-00A0C91BC942}") = "BerilQuestion", "BerilQuestion\BerilQuestion.vcxproj", "{C8384872-E186-4474-9258-937F7607F1FD}"
EndProject
Global
	GlobalSection(SolutionConfigurationPlatforms) = preSolution
		Debug|x64 = Debug|x64
		Debug|x86 = Debug|x86
		Release|x64 = Release|x64
		Release|x86 = Release|x86
	EndGlobalSection
	GlobalSection(ProjectConfigurationPlatforms) = postSolution
		{E16DD1FD-33DA-4AC2-B1B2-CC75D74D62AA}.Debug|x64.ActiveCfg = Debug|x64
		{E16DD1FD-33DA-4AC2-B1B2-CC75D74D62AA}.Debug|x64.Build.0 = Debug|x64
		{E16DD1FD-33DA-4AC2-B1B2-CC75D74D62AA}.Debug|x86.ActiveCfg = Debug|Win32
		{E16DD1FD-33DA-4AC2-B1B2-CC75D74D62AA}.Debug|x86.Build.0 = Debug|Win32
		{E16DD1FD-33DA-4AC2-B1B2-CC75D74D62AA}.Release|x64.ActiveCfg = Release|x64
		{E16DD1FD-33DA-4AC2-B1B2-CC75D74D62AA}.Release|x64.Build.0 = Release|x64
		{E16DD1FD-33DA-4AC2-B1B2-CC75D74D62AA}.Release|x86.ActiveCfg = Release|Win32
		{E16DD1FD-33DA-4AC2-B1B2-CC75D74D62AA}.Release|x86.Build.0 = Release|Win32
		{C8384872-E186-4474-9258-937F7607F1FD}.Debug|x64.ActiveCfg = Debug|x64
		{C8384872-E186-4474-9258-937F7607F1FD}.Debug|x64.Build.0 = Debug|x64
		{C8384872-E186-4474-9258-937F7607F1FD}.Debug|x86.ActiveCfg = Debug|Win32
		{C8384872-E186-4474-9258-937F7607F1FD}.Debug|x86.Build.0 = Debug|Win32
		{C8384872-E186-4474-9258-937F7607F1FD}.Release|x64.ActiveCfg = Release|x64
		{C8384872-E186-4474-9258-937F7607F1FD}.Release|x64.Build.0 = Release|x64
		{C8384872-E186-4474-9258-937F7607F1FD}.Release|x86.ActiveCfg = Release|Win32
		{C8384872-E186-4474-9258-937F7607F1FD}.Release|x86.Build.0 = Release|Win32
	EndGlobalSection
	GlobalSection(SolutionProperties) = preSolution
		HideSolutionNode = FALSE
	EndGlobalSection
	GlobalSection(ExtensibilityGlobals) = postSolution
		SolutionGuid = {4F172A76-D667-4F93-A4CA-FD51C526C65D}
	EndGlobalSection
EndGlobal
